
Microsoft Visual Studio Solution File, Format Version 12.00
# Visual Studio Version 17
VisualStudioVersion = 17.4.33122.133
MinimumVisualStudioVersion = 10.0.40219.1
Project("{9A19103F-16F7-4668-BE54-9A1E7A4F7556}") = "Riverty.CreditCard", "Riverty.CreditCard\Riverty.CreditCard.csproj", "{5197F518-A979-4196-AA89-2B1C951DDEA2}"
EndProject
Project("{FAE04EC0-301F-11D3-BF4B-00C04F79EFBC}") = "Riverty.CreditCard.Tests", "Riverty.CreditCard.Tests\Riverty.CreditCard.Tests.csproj", "{09045121-137E-4CF5-9862-31C1504A86D3}"
EndProject
Global
	GlobalSection(SolutionConfigurationPlatforms) = preSolution
		Debug|Any CPU = Debug|Any CPU
		Release|Any CPU = Release|Any CPU
	EndGlobalSection
	GlobalSection(ProjectConfigurationPlatforms) = postSolution
		{5197F518-A979-4196-AA89-2B1C951DDEA2}.Debug|Any CPU.ActiveCfg = Debug|Any CPU
		{5197F518-A979-4196-AA89-2B1C951DDEA2}.Debug|Any CPU.Build.0 = Debug|Any CPU
		{5197F518-A979-4196-AA89-2B1C951DDEA2}.Release|Any CPU.ActiveCfg = Release|Any CPU
		{5197F518-A979-4196-AA89-2B1C951DDEA2}.Release|Any CPU.Build.0 = Release|Any CPU
		{09045121-137E-4CF5-9862-31C1504A86D3}.Debug|Any CPU.ActiveCfg = Debug|Any CPU
		{09045121-137E-4CF5-9862-31C1504A86D3}.Debug|Any CPU.Build.0 = Debug|Any CPU
		{09045121-137E-4CF5-9862-31C1504A86D3}.Release|Any CPU.ActiveCfg = Release|Any CPU
		{09045121-137E-4CF5-9862-31C1504A86D3}.Release|Any CPU.Build.0 = Release|Any CPU
	EndGlobalSection
	GlobalSection(SolutionProperties) = preSolution
		HideSolutionNode = FALSE
	EndGlobalSection
	GlobalSection(ExtensibilityGlobals) = postSolution
		SolutionGuid = {08EE7F36-C088-49B4-8366-8A567C91B1B5}
	EndGlobalSection
EndGlobal
